{
  "name": "blog_project",
  "lockfileVersion": 3,
  "requires": true,
  "packages": {
    "": {
      "dependencies": {
        "@ckeditor/ckeditor5-media-embed": "^39.0.2"
      }
    },
    "node_modules/@ckeditor/ckeditor5-clipboard": {
      "version": "39.0.2",
      "resolved": "https://registry.npmjs.org/@ckeditor/ckeditor5-clipboard/-/ckeditor5-clipboard-39.0.2.tgz",
      "integrity": "sha512-SSuanBiQ4lWznXSGyeV5vqQweVWZ1+iZG1/atmrZSb/BOWa3XD6EGPu9tuzdm9MCjk2OxBuyMT07Cw+WzXFosQ==",
      "dependencies": {
        "@ckeditor/ckeditor5-core": "39.0.2",
        "@ckeditor/ckeditor5-engine": "39.0.2",
        "@ckeditor/ckeditor5-ui": "39.0.2",
        "@ckeditor/ckeditor5-utils": "39.0.2",
        "@ckeditor/ckeditor5-widget": "39.0.2",
        "lodash-es": "4.17.21"
      }
    },
    "node_modules/@ckeditor/ckeditor5-core": {
      "version": "39.0.2",
      "resolved": "https://registry.npmjs.org/@ckeditor/ckeditor5-core/-/ckeditor5-core-39.0.2.tgz",
      "integrity": "sha512-/xtor5vIXgwBVsAj+yO/wyzezQUmXabdkb/T8aSXtO2665zeOVbDbtSsJ1Ov7Tz5A4Ia1pA9d7iDCt7E8Kva7A==",
      "dependencies": {
        "@ckeditor/ckeditor5-engine": "39.0.2",
        "@ckeditor/ckeditor5-utils": "39.0.2",
        "lodash-es": "4.17.21"
      }
    },
    "node_modules/@ckeditor/ckeditor5-engine": {
      "version": "39.0.2",
      "resolved": "https://registry.npmjs.org/@ckeditor/ckeditor5-engine/-/ckeditor5-engine-39.0.2.tgz",
      "integrity": "sha512-ERcEpIrmTML0/uhukkC+ZJSOx4mRaPbNG5vPEBXIentfDpzu1NrmUhGZRGXaw5lltL+NJbuTI0wjEINap0Hl3w==",
      "dependencies": {
        "@ckeditor/ckeditor5-utils": "39.0.2",
        "lodash-es": "4.17.21"
      }
    },
    "node_modules/@ckeditor/ckeditor5-enter": {
      "version": "39.0.2",
      "resolved": "https://registry.npmjs.org/@ckeditor/ckeditor5-enter/-/ckeditor5-enter-39.0.2.tgz",
      "integrity": "sha512-7yeZI/mzJH4/yryXFQemrueZA/UNGkfnauN8Mu6XFMykoRNo6l+cASz0x4iGb3pWumV3g+tUeX6AJmuwXkRb5A==",
      "dependencies": {
        "@ckeditor/ckeditor5-core": "39.0.2",
        "@ckeditor/ckeditor5-engine": "39.0.2",
        "@ckeditor/ckeditor5-utils": "39.0.2"
      }
    },
    "node_modules/@ckeditor/ckeditor5-media-embed": {
      "version": "39.0.2",
      "resolved": "https://registry.npmjs.org/@ckeditor/ckeditor5-media-embed/-/ckeditor5-media-embed-39.0.2.tgz",
      "integrity": "sha512-1QL+nYSTKlnTz9rMWeuW0/kvq8eCR0Yl0dJl+37uPJOrR6fQNxVcGq375D9f+WO45IJjOZ+7dtgxm19WK3R1cQ==",
      "dependencies": {
        "@ckeditor/ckeditor5-ui": "39.0.2",
        "ckeditor5": "39.0.2"
      }
    },
    "node_modules/@ckeditor/ckeditor5-paragraph": {
      "version": "39.0.2",
      "resolved": "https://registry.npmjs.org/@ckeditor/ckeditor5-paragraph/-/ckeditor5-paragraph-39.0.2.tgz",
      "integrity": "sha512-is0+G3ghz+6EwoNT5ciySiPt05FI0I/lxPksSDl4QG9BcGUwkN94fJalCxgXuMlGulojm/YZ3dCmJPnLMrAnUA==",
      "dependencies": {
        "@ckeditor/ckeditor5-core": "39.0.2",
        "@ckeditor/ckeditor5-ui": "39.0.2",
        "@ckeditor/ckeditor5-utils": "39.0.2"
      }
    },
    "node_modules/@ckeditor/ckeditor5-select-all": {
      "version": "39.0.2",
      "resolved": "https://registry.npmjs.org/@ckeditor/ckeditor5-select-all/-/ckeditor5-select-all-39.0.2.tgz",
      "integrity": "sha512-/zTPZ14sfsL6E7LHcdOSW5JR7A5tsaSO2KNlQ/jm77XWSeQ7HZ4I7hoLXWksvcseubQ+xExWrzMQIjIOGqBLcQ==",
      "dependencies": {
        "@ckeditor/ckeditor5-core": "39.0.2",
        "@ckeditor/ckeditor5-ui": "39.0.2",
        "@ckeditor/ckeditor5-utils": "39.0.2"
      }
    },
    "node_modules/@ckeditor/ckeditor5-typing": {
      "version": "39.0.2",
      "resolved": "https://registry.npmjs.org/@ckeditor/ckeditor5-typing/-/ckeditor5-typing-39.0.2.tgz",
      "integrity": "sha512-ylkBumukIRe/8jQTanVYNcExvoraXX9TIX3POwiug2F+c/POKjoHgeq8+Wf/JEl7/ydtXZKT5tROqOe9haSteA==",
      "dependencies": {
        "@ckeditor/ckeditor5-core": "39.0.2",
        "@ckeditor/ckeditor5-engine": "39.0.2",
        "@ckeditor/ckeditor5-utils": "39.0.2",
        "lodash-es": "4.17.21"
      }
    },
    "node_modules/@ckeditor/ckeditor5-ui": {
      "version": "39.0.2",
      "resolved": "https://registry.npmjs.org/@ckeditor/ckeditor5-ui/-/ckeditor5-ui-39.0.2.tgz",
      "integrity": "sha512-OHYasdPXG1Vy1tR5hcGeffeqg6ujWzCEbRczuU+0sC3ttYkxrnFk6qYe7gjA+BoqD61otk1au+rhCVux8dy0hQ==",
      "dependencies": {
        "@ckeditor/ckeditor5-core": "39.0.2",
        "@ckeditor/ckeditor5-utils": "39.0.2",
        "color-convert": "2.0.1",
        "color-parse": "1.4.2",
        "lodash-es": "4.17.21",
        "vanilla-colorful": "0.7.2"
      }
    },
    "node_modules/@ckeditor/ckeditor5-undo": {
      "version": "39.0.2",
      "resolved": "https://registry.npmjs.org/@ckeditor/ckeditor5-undo/-/ckeditor5-undo-39.0.2.tgz",
      "integrity": "sha512-DSy7rRtnpVPpzZYOoQJNZ/6Zx4LEk3WVf8VG8wJDgpuxbRrE59DsNwVEqGEvDyVGlgzbuWZrfkkcL4hjcoYHCw==",
      "dependencies": {
        "@ckeditor/ckeditor5-core": "39.0.2",
        "@ckeditor/ckeditor5-engine": "39.0.2",
        "@ckeditor/ckeditor5-ui": "39.0.2"
      }
    },
    "node_modules/@ckeditor/ckeditor5-upload": {
      "version": "39.0.2",
      "resolved": "https://registry.npmjs.org/@ckeditor/ckeditor5-upload/-/ckeditor5-upload-39.0.2.tgz",
      "integrity": "sha512-6LLU9lJDlnE4RT1GBzK1V6gsIv/+4NiWVojblzET9AlyMI4BRTn3/PPxZRWyPPKH96AeuIWoyj32D/a24yQujg==",
      "dependencies": {
        "@ckeditor/ckeditor5-core": "39.0.2",
        "@ckeditor/ckeditor5-ui": "39.0.2",
        "@ckeditor/ckeditor5-utils": "39.0.2"
      }
    },
    "node_modules/@ckeditor/ckeditor5-utils": {
      "version": "39.0.2",
      "resolved": "https://registry.npmjs.org/@ckeditor/ckeditor5-utils/-/ckeditor5-utils-39.0.2.tgz",
      "integrity": "sha512-aqiGhPJxEihSLW21lGWcAvjVTTwJYxEbfMk1eLf/BEY3euy6iltRC6EqbXkyJDcKGU7cQtk6JXAIkH+D2FF87g==",
      "dependencies": {
        "lodash-es": "4.17.21"
      }
    },
    "node_modules/@ckeditor/ckeditor5-watchdog": {
      "version": "39.0.2",
      "resolved": "https://registry.npmjs.org/@ckeditor/ckeditor5-watchdog/-/ckeditor5-watchdog-39.0.2.tgz",
      "integrity": "sha512-9E7BNp9c+nj/01JWF4lBVcDwJI2lN/Vgerw+ex4l/nTRl7crLzckSy3DWhYlpQPjJzsrkFjGQ+zCG4C/Vevl3Q==",
      "dependencies": {
        "lodash-es": "4.17.21"
      }
    },
    "node_modules/@ckeditor/ckeditor5-widget": {
      "version": "39.0.2",
      "resolved": "https://registry.npmjs.org/@ckeditor/ckeditor5-widget/-/ckeditor5-widget-39.0.2.tgz",
      "integrity": "sha512-bGs8iKD3c+r3/JCqhXoh/MPJut0JcdUdxDSgS+xYu1UJ03b/K39/0QbdVjT1I6oNRSDb4IUwBO2Xc3zTMl/qTw==",
      "dependencies": {
        "@ckeditor/ckeditor5-core": "39.0.2",
        "@ckeditor/ckeditor5-engine": "39.0.2",
        "@ckeditor/ckeditor5-enter": "39.0.2",
        "@ckeditor/ckeditor5-typing": "39.0.2",
        "@ckeditor/ckeditor5-ui": "39.0.2",
        "@ckeditor/ckeditor5-utils": "39.0.2",
        "lodash-es": "4.17.21"
      }
    },
    "node_modules/ckeditor5": {
      "version": "39.0.2",
      "resolved": "https://registry.npmjs.org/ckeditor5/-/ckeditor5-39.0.2.tgz",
      "integrity": "sha512-7wuhb5LYeAZ9PaEZlNNAOnfDLWozt3+tOdc1St7AYR4PO1UW/5crWHvs+6jejxB56Zk6LUaHUS6ECecdapihmA==",
      "dependencies": {
        "@ckeditor/ckeditor5-clipboard": "39.0.2",
        "@ckeditor/ckeditor5-core": "39.0.2",
        "@ckeditor/ckeditor5-engine": "39.0.2",
        "@ckeditor/ckeditor5-enter": "39.0.2",
        "@ckeditor/ckeditor5-paragraph": "39.0.2",
        "@ckeditor/ckeditor5-select-all": "39.0.2",
        "@ckeditor/ckeditor5-typing": "39.0.2",
        "@ckeditor/ckeditor5-ui": "39.0.2",
        "@ckeditor/ckeditor5-undo": "39.0.2",
        "@ckeditor/ckeditor5-upload": "39.0.2",
        "@ckeditor/ckeditor5-utils": "39.0.2",
        "@ckeditor/ckeditor5-watchdog": "39.0.2",
        "@ckeditor/ckeditor5-widget": "39.0.2"
      }
    },
    "node_modules/color-convert": {
      "version": "2.0.1",
      "resolved": "https://registry.npmjs.org/color-convert/-/color-convert-2.0.1.tgz",
      "integrity": "sha512-RRECPsj7iu/xb5oKYcsFHSppFNnsj/52OVTRKb4zP5onXwVF3zVmmToNcOfGC+CRDpfK/U584fMg38ZHCaElKQ==",
      "dependencies": {
        "color-name": "~1.1.4"
      },
      "engines": {
        "node": ">=7.0.0"
      }
    },
    "node_modules/color-name": {
      "version": "1.1.4",
      "resolved": "https://registry.npmjs.org/color-name/-/color-name-1.1.4.tgz",
      "integrity": "sha512-dOy+3AuW3a2wNbZHIuMZpTcgjGuLU/uBL/ubcZF9OXbDo8ff4O8yVp5Bf0efS8uEoYo5q4Fx7dY9OgQGXgAsQA=="
    },
    "node_modules/color-parse": {
      "version": "1.4.2",
      "resolved": "https://registry.npmjs.org/color-parse/-/color-parse-1.4.2.tgz",
      "integrity": "sha512-RI7s49/8yqDj3fECFZjUI1Yi0z/Gq1py43oNJivAIIDSyJiOZLfYCRQEgn8HEVAj++PcRe8AnL2XF0fRJ3BTnA==",
      "dependencies": {
        "color-name": "^1.0.0"
      }
    },
    "node_modules/lodash-es": {
      "version": "4.17.21",
      "resolved": "https://registry.npmjs.org/lodash-es/-/lodash-es-4.17.21.tgz",
      "integrity": "sha512-mKnC+QJ9pWVzv+C4/U3rRsHapFfHvQFoFB92e52xeyGMcX6/OlIl78je1u8vePzYZSkkogMPJ2yjxxsb89cxyw=="
    },
    "node_modules/vanilla-colorful": {
      "version": "0.7.2",
      "resolved": "https://registry.npmjs.org/vanilla-colorful/-/vanilla-colorful-0.7.2.tgz",
      "integrity": "sha512-z2YZusTFC6KnLERx1cgoIRX2CjPRP0W75N+3CC6gbvdX5Ch47rZkEMGO2Xnf+IEmi3RiFLxS18gayMA27iU7Kg=="
    }
  }
}
